# This file was autogenerated by Stack.
# You should not edit this file by hand.
# For more information, please see the documentation at:
#   https://docs.haskellstack.org/en/stable/lock_files

packages: []
snapshots:
- completed:
    size: 575896
    url: https://raw.githubusercontent.com/commercialhaskell/stackage-snapshots/master/nightly/2021/8/17.yaml
    sha256: 667ae7a9da601d925d07e4825089d0b9206c5e46d928e244d24b7903fca2caa9
  original: nightly-2021-08-17
